{
  "object": {
    "pins": [
      {
        "package": "gir2swift",
        "repositoryURL": "https://github.com/rhx/gir2swift.git",
        "state": {
          "branch": "main",
          "revision": "93559106aafdaf81b3a980c868e3a132216838b9",
          "version": null
        }
      },
      {
        "package": "Atk",
        "repositoryURL": "https://github.com/rhx/SwiftAtk.git",
        "state": {
          "branch": "main",
          "revision": "5554d01a1ab2ee81bd53b204ae855ce7593e838e",
          "version": null
        }
      },
      {
        "package": "Cairo",
        "repositoryURL": "https://github.com/rhx/SwiftCairo.git",
        "state": {
          "branch": "main",
          "revision": "066c2d594c75b0d8953f688e6393372bd59639f7",
          "version": null
        }
      },
      {
        "package": "Gdk",
        "repositoryURL": "https://github.com/rhx/SwiftGdk.git",
        "state": {
          "branch": "main",
          "revision": "036f9be1617acabfe75c42168d011e11e0d86d95",
          "version": null
        }
      },
      {
        "package": "GdkPixbuf",
        "repositoryURL": "https://github.com/rhx/SwiftGdkPixbuf.git",
        "state": {
          "branch": "main",
          "revision": "926d048610339ea644cb157b2748cdb65f56c656",
          "version": null
        }
      },
      {
        "package": "GIO",
        "repositoryURL": "https://github.com/rhx/SwiftGIO.git",
        "state": {
          "branch": "main",
          "revision": "42f9ab8d596078d63916babd75f26169756dfa5a",
          "version": null
        }
      },
      {
        "package": "GLib",
        "repositoryURL": "https://github.com/rhx/SwiftGLib.git",
        "state": {
          "branch": "main",
          "revision": "6b9078b541770faef9695d4c72c75b5bcf3ff3fc",
          "version": null
        }
      },
      {
        "package": "GModule",
        "repositoryURL": "https://github.com/rhx/SwiftGModule.git",
        "state": {
          "branch": "main",
          "revision": "30f1bb6fa886309fff77b9a0dfe124ec711e5325",
          "version": null
        }
      },
      {
        "package": "GLibObject",
        "repositoryURL": "https://github.com/rhx/SwiftGObject.git",
        "state": {
          "branch": "main",
          "revision": "dae13c078291db61b9ff8478db2484868a595bec",
          "version": null
        }
      },
      {
        "package": "Gtk",
        "repositoryURL": "https://github.com/rhx/SwiftGtk.git",
        "state": {
          "branch": "gtk3",
          "revision": "b2b84090d84edf09346406d5b2393ec4d1b26de8",
          "version": null
        }
      },
      {
        "package": "SwiftLibXML",
        "repositoryURL": "https://github.com/rhx/SwiftLibXML.git",
        "state": {
          "branch": "main",
          "revision": "5583864b6518d514c76c75f997f77c304d204c84",
          "version": null
        }
      },
      {
        "package": "Pango",
        "repositoryURL": "https://github.com/rhx/SwiftPango.git",
        "state": {
          "branch": "main",
          "revision": "810060f023e82b5d0f2f2a8a3ce425d82fa03b41",
          "version": null
        }
      },
      {
        "package": "PangoCairo",
        "repositoryURL": "https://github.com/rhx/SwiftPangoCairo.git",
        "state": {
          "branch": "main",
          "revision": "468b54be80b78dacf01010d2c8f8e1a073845716",
          "version": null
        }
      }
    ]
  },
  "version": 1
}
